
Microsoft Visual Studio Solution File, Format Version 12.00
# Visual Studio 15
VisualStudioVersion = 15.0.28307.168
MinimumVisualStudioVersion = 10.0.40219.1
Project("{FAE04EC0-301F-11D3-BF4B-00C04F79EFBC}") = "AppFinanceiro.Android", "AppFinanceiro\AppFinanceiro.Android\AppFinanceiro.Android.csproj", "{46E817E7-902C-4875-9436-FC56A604970D}"
EndProject
Project("{FAE04EC0-301F-11D3-BF4B-00C04F79EFBC}") = "AppFinanceiro.iOS", "AppFinanceiro\AppFinanceiro.iOS\AppFinanceiro.iOS.csproj", "{B1AC85A3-3E77-4799-9374-734AF4AA94FB}"
EndProject
Project("{FAE04EC0-301F-11D3-BF4B-00C04F79EFBC}") = "AppFinanceiro.UWP", "AppFinanceiro\AppFinanceiro.UWP\AppFinanceiro.UWP.csproj", "{E06F624C-D784-4395-A9F9-B2A389566559}"
EndProject
Project("{FAE04EC0-301F-11D3-BF4B-00C04F79EFBC}") = "AppFinanceiro", "AppFinanceiro\AppFinanceiro\AppFinanceiro.csproj", "{33FB5378-2FD2-4BDC-BF1E-0CC82C581EB9}"
EndProject
Global
	GlobalSection(SolutionConfigurationPlatforms) = preSolution
		Ad-Hoc|Any CPU = Ad-Hoc|Any CPU
		Ad-Hoc|ARM = Ad-Hoc|ARM
		Ad-Hoc|iPhone = Ad-Hoc|iPhone
		Ad-Hoc|iPhoneSimulator = Ad-Hoc|iPhoneSimulator
		Ad-Hoc|x64 = Ad-Hoc|x64
		Ad-Hoc|x86 = Ad-Hoc|x86
		AppStore|Any CPU = AppStore|Any CPU
		AppStore|ARM = AppStore|ARM
		AppStore|iPhone = AppStore|iPhone
		AppStore|iPhoneSimulator = AppStore|iPhoneSimulator
		AppStore|x64 = AppStore|x64
		AppStore|x86 = AppStore|x86
		Debug|Any CPU = Debug|Any CPU
		Debug|ARM = Debug|ARM
		Debug|iPhone = Debug|iPhone
		Debug|iPhoneSimulator = Debug|iPhoneSimulator
		Debug|x64 = Debug|x64
		Debug|x86 = Debug|x86
		Release|Any CPU = Release|Any CPU
		Release|ARM = Release|ARM
		Release|iPhone = Release|iPhone
		Release|iPhoneSimulator = Release|iPhoneSimulator
		Release|x64 = Release|x64
		Release|x86 = Release|x86
	EndGlobalSection
	GlobalSection(ProjectConfigurationPlatforms) = postSolution
		{46E817E7-902C-4875-9436-FC56A604970D}.Ad-Hoc|Any CPU.ActiveCfg = Release|Any CPU
		{46E817E7-902C-4875-9436-FC56A604970D}.Ad-Hoc|Any CPU.Build.0 = Release|Any CPU
		{46E817E7-902C-4875-9436-FC56A604970D}.Ad-Hoc|Any CPU.Deploy.0 = Release|Any CPU
		{46E817E7-902C-4875-9436-FC56A604970D}.Ad-Hoc|ARM.ActiveCfg = Release|Any CPU
		{46E817E7-902C-4875-9436-FC56A604970D}.Ad-Hoc|ARM.Build.0 = Release|Any CPU
		{46E817E7-902C-4875-9436-FC56A604970D}.Ad-Hoc|ARM.Deploy.0 = Release|Any CPU
		{46E817E7-902C-4875-9436-FC56A604970D}.Ad-Hoc|iPhone.ActiveCfg = Release|Any CPU
		{46E817E7-902C-4875-9436-FC56A604970D}.Ad-Hoc|iPhone.Build.0 = Release|Any CPU
		{46E817E7-902C-4875-9436-FC56A604970D}.Ad-Hoc|iPhone.Deploy.0 = Release|Any CPU
		{46E817E7-902C-4875-9436-FC56A604970D}.Ad-Hoc|iPhoneSimulator.ActiveCfg = Release|Any CPU
		{46E817E7-902C-4875-9436-FC56A604970D}.Ad-Hoc|iPhoneSimulator.Build.0 = Release|Any CPU
		{46E817E7-902C-4875-9436-FC56A604970D}.Ad-Hoc|iPhoneSimulator.Deploy.0 = Release|Any CPU
		{46E817E7-902C-4875-9436-FC56A604970D}.Ad-Hoc|x64.ActiveCfg = Release|Any CPU
		{46E817E7-902C-4875-9436-FC56A604970D}.Ad-Hoc|x64.Build.0 = Release|Any CPU
		{46E817E7-902C-4875-9436-FC56A604970D}.Ad-Hoc|x64.Deploy.0 = Release|Any CPU
		{46E817E7-902C-4875-9436-FC56A604970D}.Ad-Hoc|x86.ActiveCfg = Release|Any CPU
		{46E817E7-902C-4875-9436-FC56A604970D}.Ad-Hoc|x86.Build.0 = Release|Any CPU
		{46E817E7-902C-4875-9436-FC56A604970D}.Ad-Hoc|x86.Deploy.0 = Release|Any CPU
		{46E817E7-902C-4875-9436-FC56A604970D}.AppStore|Any CPU.ActiveCfg = Release|Any CPU
		{46E817E7-902C-4875-9436-FC56A604970D}.AppStore|Any CPU.Build.0 = Release|Any CPU
		{46E817E7-902C-4875-9436-FC56A604970D}.AppStore|Any CPU.Deploy.0 = Release|Any CPU
		{46E817E7-902C-4875-9436-FC56A604970D}.AppStore|ARM.ActiveCfg = Release|Any CPU
		{46E817E7-902C-4875-9436-FC56A604970D}.AppStore|ARM.Build.0 = Release|Any CPU
		{46E817E7-902C-4875-9436-FC56A604970D}.AppStore|ARM.Deploy.0 = Release|Any CPU
		{46E817E7-902C-4875-9436-FC56A604970D}.AppStore|iPhone.ActiveCfg = Release|Any CPU
		{46E817E7-902C-4875-9436-FC56A604970D}.AppStore|iPhone.Build.0 = Release|Any CPU
		{46E817E7-902C-4875-9436-FC56A604970D}.AppStore|iPhone.Deploy.0 = Release|Any CPU
		{46E817E7-902C-4875-9436-FC56A604970D}.AppStore|iPhoneSimulator.ActiveCfg = Release|Any CPU
		{46E817E7-902C-4875-9436-FC56A604970D}.AppStore|iPhoneSimulator.Build.0 = Release|Any CPU
		{46E817E7-902C-4875-9436-FC56A604970D}.AppStore|iPhoneSimulator.Deploy.0 = Release|Any CPU
		{46E817E7-902C-4875-9436-FC56A604970D}.AppStore|x64.ActiveCfg = Release|Any CPU
		{46E817E7-902C-4875-9436-FC56A604970D}.AppStore|x64.Build.0 = Release|Any CPU
		{46E817E7-902C-4875-9436-FC56A604970D}.AppStore|x64.Deploy.0 = Release|Any CPU
		{46E817E7-902C-4875-9436-FC56A604970D}.AppStore|x86.ActiveCfg = Release|Any CPU
		{46E817E7-902C-4875-9436-FC56A604970D}.AppStore|x86.Build.0 = Release|Any CPU
		{46E817E7-902C-4875-9436-FC56A604970D}.AppStore|x86.Deploy.0 = Release|Any CPU
		{46E817E7-902C-4875-9436-FC56A604970D}.Debug|Any CPU.ActiveCfg = Debug|Any CPU
		{46E817E7-902C-4875-9436-FC56A604970D}.Debug|Any CPU.Build.0 = Debug|Any CPU
		{46E817E7-902C-4875-9436-FC56A604970D}.Debug|Any CPU.Deploy.0 = Debug|Any CPU
		{46E817E7-902C-4875-9436-FC56A604970D}.Debug|ARM.ActiveCfg = Debug|Any CPU
		{46E817E7-902C-4875-9436-FC56A604970D}.Debug|ARM.Build.0 = Debug|Any CPU
		{46E817E7-902C-4875-9436-FC56A604970D}.Debug|ARM.Deploy.0 = Debug|Any CPU
		{46E817E7-902C-4875-9436-FC56A604970D}.Debug|iPhone.ActiveCfg = Debug|Any CPU
		{46E817E7-902C-4875-9436-FC56A604970D}.Debug|iPhone.Build.0 = Debug|Any CPU
		{46E817E7-902C-4875-9436-FC56A604970D}.Debug|iPhone.Deploy.0 = Debug|Any CPU
		{46E817E7-902C-4875-9436-FC56A604970D}.Debug|iPhoneSimulator.ActiveCfg = Debug|Any CPU
		{46E817E7-902C-4875-9436-FC56A604970D}.Debug|iPhoneSimulator.Build.0 = Debug|Any CPU
		{46E817E7-902C-4875-9436-FC56A604970D}.Debug|iPhoneSimulator.Deploy.0 = Debug|Any CPU
		{46E817E7-902C-4875-9436-FC56A604970D}.Debug|x64.ActiveCfg = Debug|Any CPU
		{46E817E7-902C-4875-9436-FC56A604970D}.Debug|x64.Build.0 = Debug|Any CPU
		{46E817E7-902C-4875-9436-FC56A604970D}.Debug|x64.Deploy.0 = Debug|Any CPU
		{46E817E7-902C-4875-9436-FC56A604970D}.Debug|x86.ActiveCfg = Debug|Any CPU
		{46E817E7-902C-4875-9436-FC56A604970D}.Debug|x86.Build.0 = Debug|Any CPU
		{46E817E7-902C-4875-9436-FC56A604970D}.Debug|x86.Deploy.0 = Debug|Any CPU
		{46E817E7-902C-4875-9436-FC56A604970D}.Release|Any CPU.ActiveCfg = Release|Any CPU
		{46E817E7-902C-4875-9436-FC56A604970D}.Release|Any CPU.Build.0 = Release|Any CPU
		{46E817E7-902C-4875-9436-FC56A604970D}.Release|Any CPU.Deploy.0 = Release|Any CPU
		{46E817E7-902C-4875-9436-FC56A604970D}.Release|ARM.ActiveCfg = Release|Any CPU
		{46E817E7-902C-4875-9436-FC56A604970D}.Release|ARM.Build.0 = Release|Any CPU
		{46E817E7-902C-4875-9436-FC56A604970D}.Release|ARM.Deploy.0 = Release|Any CPU
		{46E817E7-902C-4875-9436-FC56A604970D}.Release|iPhone.ActiveCfg = Release|Any CPU
		{46E817E7-902C-4875-9436-FC56A604970D}.Release|iPhone.Build.0 = Release|Any CPU
		{46E817E7-902C-4875-9436-FC56A604970D}.Release|iPhone.Deploy.0 = Release|Any CPU
		{46E817E7-902C-4875-9436-FC56A604970D}.Release|iPhoneSimulator.ActiveCfg = Release|Any CPU
		{46E817E7-902C-4875-9436-FC56A604970D}.Release|iPhoneSimulator.Build.0 = Release|Any CPU
		{46E817E7-902C-4875-9436-FC56A604970D}.Release|iPhoneSimulator.Deploy.0 = Release|Any CPU
		{46E817E7-902C-4875-9436-FC56A604970D}.Release|x64.ActiveCfg = Release|Any CPU
		{46E817E7-902C-4875-9436-FC56A604970D}.Release|x64.Build.0 = Release|Any CPU
		{46E817E7-902C-4875-9436-FC56A604970D}.Release|x64.Deploy.0 = Release|Any CPU
		{46E817E7-902C-4875-9436-FC56A604970D}.Release|x86.ActiveCfg = Release|Any CPU
		{46E817E7-902C-4875-9436-FC56A604970D}.Release|x86.Build.0 = Release|Any CPU
		{46E817E7-902C-4875-9436-FC56A604970D}.Release|x86.Deploy.0 = Release|Any CPU
		{B1AC85A3-3E77-4799-9374-734AF4AA94FB}.Ad-Hoc|Any CPU.ActiveCfg = Ad-Hoc|iPhone
		{B1AC85A3-3E77-4799-9374-734AF4AA94FB}.Ad-Hoc|Any CPU.Build.0 = Ad-Hoc|iPhone
		{B1AC85A3-3E77-4799-9374-734AF4AA94FB}.Ad-Hoc|Any CPU.Deploy.0 = Ad-Hoc|iPhone
		{B1AC85A3-3E77-4799-9374-734AF4AA94FB}.Ad-Hoc|ARM.ActiveCfg = Ad-Hoc|iPhone
		{B1AC85A3-3E77-4799-9374-734AF4AA94FB}.Ad-Hoc|ARM.Build.0 = Ad-Hoc|iPhone
		{B1AC85A3-3E77-4799-9374-734AF4AA94FB}.Ad-Hoc|ARM.Deploy.0 = Ad-Hoc|iPhone
		{B1AC85A3-3E77-4799-9374-734AF4AA94FB}.Ad-Hoc|iPhone.ActiveCfg = Ad-Hoc|iPhone
		{B1AC85A3-3E77-4799-9374-734AF4AA94FB}.Ad-Hoc|iPhone.Build.0 = Ad-Hoc|iPhone
		{B1AC85A3-3E77-4799-9374-734AF4AA94FB}.Ad-Hoc|iPhone.Deploy.0 = Ad-Hoc|iPhone
		{B1AC85A3-3E77-4799-9374-734AF4AA94FB}.Ad-Hoc|iPhoneSimulator.ActiveCfg = Ad-Hoc|iPhoneSimulator
		{B1AC85A3-3E77-4799-9374-734AF4AA94FB}.Ad-Hoc|iPhoneSimulator.Build.0 = Ad-Hoc|iPhoneSimulator
		{B1AC85A3-3E77-4799-9374-734AF4AA94FB}.Ad-Hoc|iPhoneSimulator.Deploy.0 = Ad-Hoc|iPhoneSimulator
		{B1AC85A3-3E77-4799-9374-734AF4AA94FB}.Ad-Hoc|x64.ActiveCfg = Ad-Hoc|iPhone
		{B1AC85A3-3E77-4799-9374-734AF4AA94FB}.Ad-Hoc|x64.Build.0 = Ad-Hoc|iPhone
		{B1AC85A3-3E77-4799-9374-734AF4AA94FB}.Ad-Hoc|x64.Deploy.0 = Ad-Hoc|iPhone
		{B1AC85A3-3E77-4799-9374-734AF4AA94FB}.Ad-Hoc|x86.ActiveCfg = Ad-Hoc|iPhone
		{B1AC85A3-3E77-4799-9374-734AF4AA94FB}.Ad-Hoc|x86.Build.0 = Ad-Hoc|iPhone
		{B1AC85A3-3E77-4799-9374-734AF4AA94FB}.Ad-Hoc|x86.Deploy.0 = Ad-Hoc|iPhone
		{B1AC85A3-3E77-4799-9374-734AF4AA94FB}.AppStore|Any CPU.ActiveCfg = AppStore|iPhone
		{B1AC85A3-3E77-4799-9374-734AF4AA94FB}.AppStore|Any CPU.Build.0 = AppStore|iPhone
		{B1AC85A3-3E77-4799-9374-734AF4AA94FB}.AppStore|Any CPU.Deploy.0 = AppStore|iPhone
		{B1AC85A3-3E77-4799-9374-734AF4AA94FB}.AppStore|ARM.ActiveCfg = AppStore|iPhone
		{B1AC85A3-3E77-4799-9374-734AF4AA94FB}.AppStore|ARM.Build.0 = AppStore|iPhone
		{B1AC85A3-3E77-4799-9374-734AF4AA94FB}.AppStore|ARM.Deploy.0 = AppStore|iPhone
		{B1AC85A3-3E77-4799-9374-734AF4AA94FB}.AppStore|iPhone.ActiveCfg = AppStore|iPhone
		{B1AC85A3-3E77-4799-9374-734AF4AA94FB}.AppStore|iPhone.Build.0 = AppStore|iPhone
		{B1AC85A3-3E77-4799-9374-734AF4AA94FB}.AppStore|iPhone.Deploy.0 = AppStore|iPhone
		{B1AC85A3-3E77-4799-9374-734AF4AA94FB}.AppStore|iPhoneSimulator.ActiveCfg = AppStore|iPhoneSimulator
		{B1AC85A3-3E77-4799-9374-734AF4AA94FB}.AppStore|iPhoneSimulator.Build.0 = AppStore|iPhoneSimulator
		{B1AC85A3-3E77-4799-9374-734AF4AA94FB}.AppStore|iPhoneSimulator.Deploy.0 = AppStore|iPhoneSimulator
		{B1AC85A3-3E77-4799-9374-734AF4AA94FB}.AppStore|x64.ActiveCfg = AppStore|iPhone
		{B1AC85A3-3E77-4799-9374-734AF4AA94FB}.AppStore|x64.Build.0 = AppStore|iPhone
		{B1AC85A3-3E77-4799-9374-734AF4AA94FB}.AppStore|x64.Deploy.0 = AppStore|iPhone
		{B1AC85A3-3E77-4799-9374-734AF4AA94FB}.AppStore|x86.ActiveCfg = AppStore|iPhone
		{B1AC85A3-3E77-4799-9374-734AF4AA94FB}.AppStore|x86.Build.0 = AppStore|iPhone
		{B1AC85A3-3E77-4799-9374-734AF4AA94FB}.AppStore|x86.Deploy.0 = AppStore|iPhone
		{B1AC85A3-3E77-4799-9374-734AF4AA94FB}.Debug|Any CPU.ActiveCfg = Debug|iPhoneSimulator
		{B1AC85A3-3E77-4799-9374-734AF4AA94FB}.Debug|Any CPU.Build.0 = Debug|iPhoneSimulator
		{B1AC85A3-3E77-4799-9374-734AF4AA94FB}.Debug|Any CPU.Deploy.0 = Debug|iPhoneSimulator
		{B1AC85A3-3E77-4799-9374-734AF4AA94FB}.Debug|ARM.ActiveCfg = Debug|iPhone
		{B1AC85A3-3E77-4799-9374-734AF4AA94FB}.Debug|ARM.Build.0 = Debug|iPhone
		{B1AC85A3-3E77-4799-9374-734AF4AA94FB}.Debug|ARM.Deploy.0 = Debug|iPhone
		{B1AC85A3-3E77-4799-9374-734AF4AA94FB}.Debug|iPhone.ActiveCfg = Debug|iPhone
		{B1AC85A3-3E77-4799-9374-734AF4AA94FB}.Debug|iPhone.Build.0 = Debug|iPhone
		{B1AC85A3-3E77-4799-9374-734AF4AA94FB}.Debug|iPhone.Deploy.0 = Debug|iPhone
		{B1AC85A3-3E77-4799-9374-734AF4AA94FB}.Debug|iPhoneSimulator.ActiveCfg = Debug|iPhoneSimulator
		{B1AC85A3-3E77-4799-9374-734AF4AA94FB}.Debug|iPhoneSimulator.Build.0 = Debug|iPhoneSimulator
		{B1AC85A3-3E77-4799-9374-734AF4AA94FB}.Debug|iPhoneSimulator.Deploy.0 = Debug|iPhoneSimulator
		{B1AC85A3-3E77-4799-9374-734AF4AA94FB}.Debug|x64.ActiveCfg = Debug|iPhone
		{B1AC85A3-3E77-4799-9374-734AF4AA94FB}.Debug|x64.Build.0 = Debug|iPhone
		{B1AC85A3-3E77-4799-9374-734AF4AA94FB}.Debug|x64.Deploy.0 = Debug|iPhone
		{B1AC85A3-3E77-4799-9374-734AF4AA94FB}.Debug|x86.ActiveCfg = Debug|iPhone
		{B1AC85A3-3E77-4799-9374-734AF4AA94FB}.Debug|x86.Build.0 = Debug|iPhone
		{B1AC85A3-3E77-4799-9374-734AF4AA94FB}.Debug|x86.Deploy.0 = Debug|iPhone
		{B1AC85A3-3E77-4799-9374-734AF4AA94FB}.Release|Any CPU.ActiveCfg = Release|iPhone
		{B1AC85A3-3E77-4799-9374-734AF4AA94FB}.Release|Any CPU.Build.0 = Release|iPhone
		{B1AC85A3-3E77-4799-9374-734AF4AA94FB}.Release|Any CPU.Deploy.0 = Release|iPhone
		{B1AC85A3-3E77-4799-9374-734AF4AA94FB}.Release|ARM.ActiveCfg = Release|iPhone
		{B1AC85A3-3E77-4799-9374-734AF4AA94FB}.Release|ARM.Build.0 = Release|iPhone
		{B1AC85A3-3E77-4799-9374-734AF4AA94FB}.Release|ARM.Deploy.0 = Release|iPhone
		{B1AC85A3-3E77-4799-9374-734AF4AA94FB}.Release|iPhone.ActiveCfg = Release|iPhone
		{B1AC85A3-3E77-4799-9374-734AF4AA94FB}.Release|iPhone.Build.0 = Release|iPhone
		{B1AC85A3-3E77-4799-9374-734AF4AA94FB}.Release|iPhone.Deploy.0 = Release|iPhone
		{B1AC85A3-3E77-4799-9374-734AF4AA94FB}.Release|iPhoneSimulator.ActiveCfg = Release|iPhoneSimulator
		{B1AC85A3-3E77-4799-9374-734AF4AA94FB}.Release|iPhoneSimulator.Build.0 = Release|iPhoneSimulator
		{B1AC85A3-3E77-4799-9374-734AF4AA94FB}.Release|iPhoneSimulator.Deploy.0 = Release|iPhoneSimulator
		{B1AC85A3-3E77-4799-9374-734AF4AA94FB}.Release|x64.ActiveCfg = Release|iPhone
		{B1AC85A3-3E77-4799-9374-734AF4AA94FB}.Release|x64.Build.0 = Release|iPhone
		{B1AC85A3-3E77-4799-9374-734AF4AA94FB}.Release|x64.Deploy.0 = Release|iPhone
		{B1AC85A3-3E77-4799-9374-734AF4AA94FB}.Release|x86.ActiveCfg = Release|iPhone
		{B1AC85A3-3E77-4799-9374-734AF4AA94FB}.Release|x86.Build.0 = Release|iPhone
		{B1AC85A3-3E77-4799-9374-734AF4AA94FB}.Release|x86.Deploy.0 = Release|iPhone
		{E06F624C-D784-4395-A9F9-B2A389566559}.Ad-Hoc|Any CPU.ActiveCfg = Release|x86
		{E06F624C-D784-4395-A9F9-B2A389566559}.Ad-Hoc|Any CPU.Build.0 = Release|x86
		{E06F624C-D784-4395-A9F9-B2A389566559}.Ad-Hoc|Any CPU.Deploy.0 = Release|x86
		{E06F624C-D784-4395-A9F9-B2A389566559}.Ad-Hoc|ARM.ActiveCfg = Release|ARM
		{E06F624C-D784-4395-A9F9-B2A389566559}.Ad-Hoc|ARM.Build.0 = Release|ARM
		{E06F624C-D784-4395-A9F9-B2A389566559}.Ad-Hoc|ARM.Deploy.0 = Release|ARM
		{E06F624C-D784-4395-A9F9-B2A389566559}.Ad-Hoc|iPhone.ActiveCfg = Release|x86
		{E06F624C-D784-4395-A9F9-B2A389566559}.Ad-Hoc|iPhone.Build.0 = Release|x86
		{E06F624C-D784-4395-A9F9-B2A389566559}.Ad-Hoc|iPhone.Deploy.0 = Release|x86
		{E06F624C-D784-4395-A9F9-B2A389566559}.Ad-Hoc|iPhoneSimulator.ActiveCfg = Release|x86
		{E06F624C-D784-4395-A9F9-B2A389566559}.Ad-Hoc|iPhoneSimulator.Build.0 = Release|x86
		{E06F624C-D784-4395-A9F9-B2A389566559}.Ad-Hoc|iPhoneSimulator.Deploy.0 = Release|x86
		{E06F624C-D784-4395-A9F9-B2A389566559}.Ad-Hoc|x64.ActiveCfg = Release|x64
		{E06F624C-D784-4395-A9F9-B2A389566559}.Ad-Hoc|x64.Build.0 = Release|x64
		{E06F624C-D784-4395-A9F9-B2A389566559}.Ad-Hoc|x64.Deploy.0 = Release|x64
		{E06F624C-D784-4395-A9F9-B2A389566559}.Ad-Hoc|x86.ActiveCfg = Release|x86
		{E06F624C-D784-4395-A9F9-B2A389566559}.Ad-Hoc|x86.Build.0 = Release|x86
		{E06F624C-D784-4395-A9F9-B2A389566559}.Ad-Hoc|x86.Deploy.0 = Release|x86
		{E06F624C-D784-4395-A9F9-B2A389566559}.AppStore|Any CPU.ActiveCfg = Release|x86
		{E06F624C-D784-4395-A9F9-B2A389566559}.AppStore|Any CPU.Build.0 = Release|x86
		{E06F624C-D784-4395-A9F9-B2A389566559}.AppStore|Any CPU.Deploy.0 = Release|x86
		{E06F624C-D784-4395-A9F9-B2A389566559}.AppStore|ARM.ActiveCfg = Release|ARM
		{E06F624C-D784-4395-A9F9-B2A389566559}.AppStore|ARM.Build.0 = Release|ARM
		{E06F624C-D784-4395-A9F9-B2A389566559}.AppStore|ARM.Deploy.0 = Release|ARM
		{E06F624C-D784-4395-A9F9-B2A389566559}.AppStore|iPhone.ActiveCfg = Release|x86
		{E06F624C-D784-4395-A9F9-B2A389566559}.AppStore|iPhone.Build.0 = Release|x86
		{E06F624C-D784-4395-A9F9-B2A389566559}.AppStore|iPhone.Deploy.0 = Release|x86
		{E06F624C-D784-4395-A9F9-B2A389566559}.AppStore|iPhoneSimulator.ActiveCfg = Release|x86
		{E06F624C-D784-4395-A9F9-B2A389566559}.AppStore|iPhoneSimulator.Build.0 = Release|x86
		{E06F624C-D784-4395-A9F9-B2A389566559}.AppStore|iPhoneSimulator.Deploy.0 = Release|x86
		{E06F624C-D784-4395-A9F9-B2A389566559}.AppStore|x64.ActiveCfg = Release|x64
		{E06F624C-D784-4395-A9F9-B2A389566559}.AppStore|x64.Build.0 = Release|x64
		{E06F624C-D784-4395-A9F9-B2A389566559}.AppStore|x64.Deploy.0 = Release|x64
		{E06F624C-D784-4395-A9F9-B2A389566559}.AppStore|x86.ActiveCfg = Release|x86
		{E06F624C-D784-4395-A9F9-B2A389566559}.AppStore|x86.Build.0 = Release|x86
		{E06F624C-D784-4395-A9F9-B2A389566559}.AppStore|x86.Deploy.0 = Release|x86
		{E06F624C-D784-4395-A9F9-B2A389566559}.Debug|Any CPU.ActiveCfg = Debug|x86
		{E06F624C-D784-4395-A9F9-B2A389566559}.Debug|Any CPU.Build.0 = Debug|x86
		{E06F624C-D784-4395-A9F9-B2A389566559}.Debug|Any CPU.Deploy.0 = Debug|x86
		{E06F624C-D784-4395-A9F9-B2A389566559}.Debug|ARM.ActiveCfg = Debug|ARM
		{E06F624C-D784-4395-A9F9-B2A389566559}.Debug|ARM.Build.0 = Debug|ARM
		{E06F624C-D784-4395-A9F9-B2A389566559}.Debug|ARM.Deploy.0 = Debug|ARM
		{E06F624C-D784-4395-A9F9-B2A389566559}.Debug|iPhone.ActiveCfg = Debug|x86
		{E06F624C-D784-4395-A9F9-B2A389566559}.Debug|iPhone.Build.0 = Debug|x86
		{E06F624C-D784-4395-A9F9-B2A389566559}.Debug|iPhone.Deploy.0 = Debug|x86
		{E06F624C-D784-4395-A9F9-B2A389566559}.Debug|iPhoneSimulator.ActiveCfg = Debug|x86
		{E06F624C-D784-4395-A9F9-B2A389566559}.Debug|iPhoneSimulator.Build.0 = Debug|x86
		{E06F624C-D784-4395-A9F9-B2A389566559}.Debug|iPhoneSimulator.Deploy.0 = Debug|x86
		{E06F624C-D784-4395-A9F9-B2A389566559}.Debug|x64.ActiveCfg = Debug|x64
		{E06F624C-D784-4395-A9F9-B2A389566559}.Debug|x64.Build.0 = Debug|x64
		{E06F624C-D784-4395-A9F9-B2A389566559}.Debug|x64.Deploy.0 = Debug|x64
		{E06F624C-D784-4395-A9F9-B2A389566559}.Debug|x86.ActiveCfg = Debug|x86
		{E06F624C-D784-4395-A9F9-B2A389566559}.Debug|x86.Build.0 = Debug|x86
		{E06F624C-D784-4395-A9F9-B2A389566559}.Debug|x86.Deploy.0 = Debug|x86
		{E06F624C-D784-4395-A9F9-B2A389566559}.Release|Any CPU.ActiveCfg = Release|x86
		{E06F624C-D784-4395-A9F9-B2A389566559}.Release|Any CPU.Build.0 = Release|x86
		{E06F624C-D784-4395-A9F9-B2A389566559}.Release|Any CPU.Deploy.0 = Release|x86
		{E06F624C-D784-4395-A9F9-B2A389566559}.Release|ARM.ActiveCfg = Release|ARM
		{E06F624C-D784-4395-A9F9-B2A389566559}.Release|ARM.Build.0 = Release|ARM
		{E06F624C-D784-4395-A9F9-B2A389566559}.Release|ARM.Deploy.0 = Release|ARM
		{E06F624C-D784-4395-A9F9-B2A389566559}.Release|iPhone.ActiveCfg = Release|x86
		{E06F624C-D784-4395-A9F9-B2A389566559}.Release|iPhone.Build.0 = Release|x86
		{E06F624C-D784-4395-A9F9-B2A389566559}.Release|iPhone.Deploy.0 = Release|x86
		{E06F624C-D784-4395-A9F9-B2A389566559}.Release|iPhoneSimulator.ActiveCfg = Release|x86
		{E06F624C-D784-4395-A9F9-B2A389566559}.Release|iPhoneSimulator.Build.0 = Release|x86
		{E06F624C-D784-4395-A9F9-B2A389566559}.Release|iPhoneSimulator.Deploy.0 = Release|x86
		{E06F624C-D784-4395-A9F9-B2A389566559}.Release|x64.ActiveCfg = Release|x64
		{E06F624C-D784-4395-A9F9-B2A389566559}.Release|x64.Build.0 = Release|x64
		{E06F624C-D784-4395-A9F9-B2A389566559}.Release|x64.Deploy.0 = Release|x64
		{E06F624C-D784-4395-A9F9-B2A389566559}.Release|x86.ActiveCfg = Release|x86
		{E06F624C-D784-4395-A9F9-B2A389566559}.Release|x86.Build.0 = Release|x86
		{E06F624C-D784-4395-A9F9-B2A389566559}.Release|x86.Deploy.0 = Release|x86
		{33FB5378-2FD2-4BDC-BF1E-0CC82C581EB9}.Ad-Hoc|Any CPU.ActiveCfg = Debug|Any CPU
		{33FB5378-2FD2-4BDC-BF1E-0CC82C581EB9}.Ad-Hoc|Any CPU.Build.0 = Debug|Any CPU
		{33FB5378-2FD2-4BDC-BF1E-0CC82C581EB9}.Ad-Hoc|Any CPU.Deploy.0 = Debug|Any CPU
		{33FB5378-2FD2-4BDC-BF1E-0CC82C581EB9}.Ad-Hoc|ARM.ActiveCfg = Debug|Any CPU
		{33FB5378-2FD2-4BDC-BF1E-0CC82C581EB9}.Ad-Hoc|ARM.Build.0 = Debug|Any CPU
		{33FB5378-2FD2-4BDC-BF1E-0CC82C581EB9}.Ad-Hoc|ARM.Deploy.0 = Debug|Any CPU
		{33FB5378-2FD2-4BDC-BF1E-0CC82C581EB9}.Ad-Hoc|iPhone.ActiveCfg = Debug|Any CPU
		{33FB5378-2FD2-4BDC-BF1E-0CC82C581EB9}.Ad-Hoc|iPhone.Build.0 = Debug|Any CPU
		{33FB5378-2FD2-4BDC-BF1E-0CC82C581EB9}.Ad-Hoc|iPhone.Deploy.0 = Debug|Any CPU
		{33FB5378-2FD2-4BDC-BF1E-0CC82C581EB9}.Ad-Hoc|iPhoneSimulator.ActiveCfg = Debug|Any CPU
		{33FB5378-2FD2-4BDC-BF1E-0CC82C581EB9}.Ad-Hoc|iPhoneSimulator.Build.0 = Debug|Any CPU
		{33FB5378-2FD2-4BDC-BF1E-0CC82C581EB9}.Ad-Hoc|iPhoneSimulator.Deploy.0 = Debug|Any CPU
		{33FB5378-2FD2-4BDC-BF1E-0CC82C581EB9}.Ad-Hoc|x64.ActiveCfg = Debug|Any CPU
		{33FB5378-2FD2-4BDC-BF1E-0CC82C581EB9}.Ad-Hoc|x64.Build.0 = Debug|Any CPU
		{33FB5378-2FD2-4BDC-BF1E-0CC82C581EB9}.Ad-Hoc|x64.Deploy.0 = Debug|Any CPU
		{33FB5378-2FD2-4BDC-BF1E-0CC82C581EB9}.Ad-Hoc|x86.ActiveCfg = Debug|Any CPU
		{33FB5378-2FD2-4BDC-BF1E-0CC82C581EB9}.Ad-Hoc|x86.Build.0 = Debug|Any CPU
		{33FB5378-2FD2-4BDC-BF1E-0CC82C581EB9}.Ad-Hoc|x86.Deploy.0 = Debug|Any CPU
		{33FB5378-2FD2-4BDC-BF1E-0CC82C581EB9}.AppStore|Any CPU.ActiveCfg = Debug|Any CPU
		{33FB5378-2FD2-4BDC-BF1E-0CC82C581EB9}.AppStore|Any CPU.Build.0 = Debug|Any CPU
		{33FB5378-2FD2-4BDC-BF1E-0CC82C581EB9}.AppStore|Any CPU.Deploy.0 = Debug|Any CPU
		{33FB5378-2FD2-4BDC-BF1E-0CC82C581EB9}.AppStore|ARM.ActiveCfg = Debug|Any CPU
		{33FB5378-2FD2-4BDC-BF1E-0CC82C581EB9}.AppStore|ARM.Build.0 = Debug|Any CPU
		{33FB5378-2FD2-4BDC-BF1E-0CC82C581EB9}.AppStore|ARM.Deploy.0 = Debug|Any CPU
		{33FB5378-2FD2-4BDC-BF1E-0CC82C581EB9}.AppStore|iPhone.ActiveCfg = Debug|Any CPU
		{33FB5378-2FD2-4BDC-BF1E-0CC82C581EB9}.AppStore|iPhone.Build.0 = Debug|Any CPU
		{33FB5378-2FD2-4BDC-BF1E-0CC82C581EB9}.AppStore|iPhone.Deploy.0 = Debug|Any CPU
		{33FB5378-2FD2-4BDC-BF1E-0CC82C581EB9}.AppStore|iPhoneSimulator.ActiveCfg = Debug|Any CPU
		{33FB5378-2FD2-4BDC-BF1E-0CC82C581EB9}.AppStore|iPhoneSimulator.Build.0 = Debug|Any CPU
		{33FB5378-2FD2-4BDC-BF1E-0CC82C581EB9}.AppStore|iPhoneSimulator.Deploy.0 = Debug|Any CPU
		{33FB5378-2FD2-4BDC-BF1E-0CC82C581EB9}.AppStore|x64.ActiveCfg = Debug|Any CPU
		{33FB5378-2FD2-4BDC-BF1E-0CC82C581EB9}.AppStore|x64.Build.0 = Debug|Any CPU
		{33FB5378-2FD2-4BDC-BF1E-0CC82C581EB9}.AppStore|x64.Deploy.0 = Debug|Any CPU
		{33FB5378-2FD2-4BDC-BF1E-0CC82C581EB9}.AppStore|x86.ActiveCfg = Debug|Any CPU
		{33FB5378-2FD2-4BDC-BF1E-0CC82C581EB9}.AppStore|x86.Build.0 = Debug|Any CPU
		{33FB5378-2FD2-4BDC-BF1E-0CC82C581EB9}.AppStore|x86.Deploy.0 = Debug|Any CPU
		{33FB5378-2FD2-4BDC-BF1E-0CC82C581EB9}.Debug|Any CPU.ActiveCfg = Debug|Any CPU
		{33FB5378-2FD2-4BDC-BF1E-0CC82C581EB9}.Debug|Any CPU.Build.0 = Debug|Any CPU
		{33FB5378-2FD2-4BDC-BF1E-0CC82C581EB9}.Debug|Any CPU.Deploy.0 = Debug|Any CPU
		{33FB5378-2FD2-4BDC-BF1E-0CC82C581EB9}.Debug|ARM.ActiveCfg = Debug|Any CPU
		{33FB5378-2FD2-4BDC-BF1E-0CC82C581EB9}.Debug|ARM.Build.0 = Debug|Any CPU
		{33FB5378-2FD2-4BDC-BF1E-0CC82C581EB9}.Debug|ARM.Deploy.0 = Debug|Any CPU
		{33FB5378-2FD2-4BDC-BF1E-0CC82C581EB9}.Debug|iPhone.ActiveCfg = Debug|Any CPU
		{33FB5378-2FD2-4BDC-BF1E-0CC82C581EB9}.Debug|iPhone.Build.0 = Debug|Any CPU
		{33FB5378-2FD2-4BDC-BF1E-0CC82C581EB9}.Debug|iPhone.Deploy.0 = Debug|Any CPU
		{33FB5378-2FD2-4BDC-BF1E-0CC82C581EB9}.Debug|iPhoneSimulator.ActiveCfg = Debug|Any CPU
		{33FB5378-2FD2-4BDC-BF1E-0CC82C581EB9}.Debug|iPhoneSimulator.Build.0 = Debug|Any CPU
		{33FB5378-2FD2-4BDC-BF1E-0CC82C581EB9}.Debug|iPhoneSimulator.Deploy.0 = Debug|Any CPU
		{33FB5378-2FD2-4BDC-BF1E-0CC82C581EB9}.Debug|x64.ActiveCfg = Debug|Any CPU
		{33FB5378-2FD2-4BDC-BF1E-0CC82C581EB9}.Debug|x64.Build.0 = Debug|Any CPU
		{33FB5378-2FD2-4BDC-BF1E-0CC82C581EB9}.Debug|x64.Deploy.0 = Debug|Any CPU
		{33FB5378-2FD2-4BDC-BF1E-0CC82C581EB9}.Debug|x86.ActiveCfg = Debug|Any CPU
		{33FB5378-2FD2-4BDC-BF1E-0CC82C581EB9}.Debug|x86.Build.0 = Debug|Any CPU
		{33FB5378-2FD2-4BDC-BF1E-0CC82C581EB9}.Debug|x86.Deploy.0 = Debug|Any CPU
		{33FB5378-2FD2-4BDC-BF1E-0CC82C581EB9}.Release|Any CPU.ActiveCfg = Release|Any CPU
		{33FB5378-2FD2-4BDC-BF1E-0CC82C581EB9}.Release|Any CPU.Build.0 = Release|Any CPU
		{33FB5378-2FD2-4BDC-BF1E-0CC82C581EB9}.Release|Any CPU.Deploy.0 = Release|Any CPU
		{33FB5378-2FD2-4BDC-BF1E-0CC82C581EB9}.Release|ARM.ActiveCfg = Release|Any CPU
		{33FB5378-2FD2-4BDC-BF1E-0CC82C581EB9}.Release|ARM.Build.0 = Release|Any CPU
		{33FB5378-2FD2-4BDC-BF1E-0CC82C581EB9}.Release|ARM.Deploy.0 = Release|Any CPU
		{33FB5378-2FD2-4BDC-BF1E-0CC82C581EB9}.Release|iPhone.ActiveCfg = Release|Any CPU
		{33FB5378-2FD2-4BDC-BF1E-0CC82C581EB9}.Release|iPhone.Build.0 = Release|Any CPU
		{33FB5378-2FD2-4BDC-BF1E-0CC82C581EB9}.Release|iPhone.Deploy.0 = Release|Any CPU
		{33FB5378-2FD2-4BDC-BF1E-0CC82C581EB9}.Release|iPhoneSimulator.ActiveCfg = Release|Any CPU
		{33FB5378-2FD2-4BDC-BF1E-0CC82C581EB9}.Release|iPhoneSimulator.Build.0 = Release|Any CPU
		{33FB5378-2FD2-4BDC-BF1E-0CC82C581EB9}.Release|iPhoneSimulator.Deploy.0 = Release|Any CPU
		{33FB5378-2FD2-4BDC-BF1E-0CC82C581EB9}.Release|x64.ActiveCfg = Release|Any CPU
		{33FB5378-2FD2-4BDC-BF1E-0CC82C581EB9}.Release|x64.Build.0 = Release|Any CPU
		{33FB5378-2FD2-4BDC-BF1E-0CC82C581EB9}.Release|x64.Deploy.0 = Release|Any CPU
		{33FB5378-2FD2-4BDC-BF1E-0CC82C581EB9}.Release|x86.ActiveCfg = Release|Any CPU
		{33FB5378-2FD2-4BDC-BF1E-0CC82C581EB9}.Release|x86.Build.0 = Release|Any CPU
		{33FB5378-2FD2-4BDC-BF1E-0CC82C581EB9}.Release|x86.Deploy.0 = Release|Any CPU
	EndGlobalSection
	GlobalSection(SolutionProperties) = preSolution
		HideSolutionNode = FALSE
	EndGlobalSection
	GlobalSection(ExtensibilityGlobals) = postSolution
		SolutionGuid = {E490F4D2-B25F-4C61-9302-E3FE45AC8F5F}
	EndGlobalSection
EndGlobal
